
Microsoft Visual Studio Solution File, Format Version 12.00
# Visual Studio Version 16
VisualStudioVersion = 16.0.29009.5
MinimumVisualStudioVersion = 10.0.40219.1
Project("{9A19103F-16F7-4668-BE54-9A1E7A4F7556}") = "Allure", "Allure\Allure.csproj", "{D5AD88AC-E3F9-4D2B-BEC6-504092DF2A2F}"
EndProject
Project("{9A19103F-16F7-4668-BE54-9A1E7A4F7556}") = "TestsSamples", "TestsSamples\TestsSamples.csproj", "{FBD961C2-9FE1-4824-BD5F-7FD9D4CA2507}"
EndProject
Project("{9A19103F-16F7-4668-BE54-9A1E7A4F7556}") = "Allure.SpecFlowPlugin", "AllureSpecFlow\Allure.SpecFlowPlugin.csproj", "{A372D22B-1934-4059-8824-A6C2584DBD07}"
EndProject
Project("{9A19103F-16F7-4668-BE54-9A1E7A4F7556}") = "SpecFlowTestsSamples", "SpecFlowTestsSamples\SpecFlowTestsSamples.csproj", "{4E99D5B9-1591-4404-A461-AEF9C0FBA82F}"
EndProject
Global
	GlobalSection(SolutionConfigurationPlatforms) = preSolution
		Debug|Any CPU = Debug|Any CPU
		Release|Any CPU = Release|Any CPU
	EndGlobalSection
	GlobalSection(ProjectConfigurationPlatforms) = postSolution
		{D5AD88AC-E3F9-4D2B-BEC6-504092DF2A2F}.Debug|Any CPU.ActiveCfg = Debug|Any CPU
		{D5AD88AC-E3F9-4D2B-BEC6-504092DF2A2F}.Debug|Any CPU.Build.0 = Debug|Any CPU
		{D5AD88AC-E3F9-4D2B-BEC6-504092DF2A2F}.Release|Any CPU.ActiveCfg = Release|Any CPU
		{D5AD88AC-E3F9-4D2B-BEC6-504092DF2A2F}.Release|Any CPU.Build.0 = Release|Any CPU
		{FBD961C2-9FE1-4824-BD5F-7FD9D4CA2507}.Debug|Any CPU.ActiveCfg = Debug|Any CPU
		{FBD961C2-9FE1-4824-BD5F-7FD9D4CA2507}.Debug|Any CPU.Build.0 = Debug|Any CPU
		{FBD961C2-9FE1-4824-BD5F-7FD9D4CA2507}.Release|Any CPU.ActiveCfg = Release|Any CPU
		{FBD961C2-9FE1-4824-BD5F-7FD9D4CA2507}.Release|Any CPU.Build.0 = Release|Any CPU
		{A372D22B-1934-4059-8824-A6C2584DBD07}.Debug|Any CPU.ActiveCfg = Debug|Any CPU
		{A372D22B-1934-4059-8824-A6C2584DBD07}.Debug|Any CPU.Build.0 = Debug|Any CPU
		{A372D22B-1934-4059-8824-A6C2584DBD07}.Release|Any CPU.ActiveCfg = Release|Any CPU
		{A372D22B-1934-4059-8824-A6C2584DBD07}.Release|Any CPU.Build.0 = Release|Any CPU
		{4E99D5B9-1591-4404-A461-AEF9C0FBA82F}.Debug|Any CPU.ActiveCfg = Debug|Any CPU
		{4E99D5B9-1591-4404-A461-AEF9C0FBA82F}.Debug|Any CPU.Build.0 = Debug|Any CPU
		{4E99D5B9-1591-4404-A461-AEF9C0FBA82F}.Release|Any CPU.ActiveCfg = Release|Any CPU
		{4E99D5B9-1591-4404-A461-AEF9C0FBA82F}.Release|Any CPU.Build.0 = Release|Any CPU
	EndGlobalSection
	GlobalSection(SolutionProperties) = preSolution
		HideSolutionNode = FALSE
	EndGlobalSection
	GlobalSection(ExtensibilityGlobals) = postSolution
		SolutionGuid = {DD95C895-7839-4ECE-83D9-7AB2E9B68224}
	EndGlobalSection
EndGlobal
